
Microsoft Visual Studio Solution File, Format Version 12.00
# Visual Studio Version 17
VisualStudioVersion = 17.1.32328.378
MinimumVisualStudioVersion = 10.0.40219.1
Project("{FAE04EC0-301F-11D3-BF4B-00C04F79EFBC}") = "SEMINAR1_1062", "SEMINAR1_1062.csproj", "{306CA0D4-18D4-4E3B-B4D6-9DDF713DA049}"
EndProject
Global
	GlobalSection(SolutionConfigurationPlatforms) = preSolution
		Debug|Any CPU = Debug|Any CPU
		Release|Any CPU = Release|Any CPU
	EndGlobalSection
	GlobalSection(ProjectConfigurationPlatforms) = postSolution
		{306CA0D4-18D4-4E3B-B4D6-9DDF713DA049}.Debug|Any CPU.ActiveCfg = Debug|Any CPU
		{306CA0D4-18D4-4E3B-B4D6-9DDF713DA049}.Debug|Any CPU.Build.0 = Debug|Any CPU
		{306CA0D4-18D4-4E3B-B4D6-9DDF713DA049}.Release|Any CPU.ActiveCfg = Release|Any CPU
		{306CA0D4-18D4-4E3B-B4D6-9DDF713DA049}.Release|Any CPU.Build.0 = Release|Any CPU
	EndGlobalSection
	GlobalSection(SolutionProperties) = preSolution
		HideSolutionNode = FALSE
	EndGlobalSection
	GlobalSection(ExtensibilityGlobals) = postSolution
		SolutionGuid = {A12C5A7B-14B0-41E2-A141-B4A1C59FEDEA}
	EndGlobalSection
EndGlobal
